// !$*UTF8*$!
{
	archiveVersion = 1;
	classes = {
	};
	objectVersion = 56;
	objects = {

/* Begin PBXBuildFile section */
		8D09E4DC2A7BED3400EAB97D /* AppDelegate.swift in Sources */ = {isa = PBXBuildFile; fileRef = 8D09E4DB2A7BED3400EAB97D /* AppDelegate.swift */; };
		8D09E4DE2A7BED3400EAB97D /* SceneDelegate.swift in Sources */ = {isa = PBXBuildFile; fileRef = 8D09E4DD2A7BED3400EAB97D /* SceneDelegate.swift */; };
		8D09E4E02A7BED3400EAB97D /* ViewController.swift in Sources */ = {isa = PBXBuildFile; fileRef = 8D09E4DF2A7BED3400EAB97D /* ViewController.swift */; };
		8D09E4E32A7BED3400EAB97D /* Main.storyboard in Resources */ = {isa = PBXBuildFile; fileRef = 8D09E4E12A7BED3400EAB97D /* Main.storyboard */; };
		8D09E4E52A7BED3500EAB97D /* Assets.xcassets in Resources */ = {isa = PBXBuildFile; fileRef = 8D09E4E42A7BED3500EAB97D /* Assets.xcassets */; };
		8D09E4E82A7BED3500EAB97D /* LaunchScreen.storyboard in Resources */ = {isa = PBXBuildFile; fileRef = 8D09E4E62A7BED3500EAB97D /* LaunchScreen.storyboard */; };
		8D09E4F32A7BED3500EAB97D /* MusicPlayerTests.swift in Sources */ = {isa = PBXBuildFile; fileRef = 8D09E4F22A7BED3500EAB97D /* MusicPlayerTests.swift */; };
		8D09E4FD2A7BED3500EAB97D /* MusicPlayerUITests.swift in Sources */ = {isa = PBXBuildFile; fileRef = 8D09E4FC2A7BED3500EAB97D /* MusicPlayerUITests.swift */; };
		8D09E4FF2A7BED3500EAB97D /* MusicPlayerUITestsLaunchTests.swift in Sources */ = {isa = PBXBuildFile; fileRef = 8D09E4FE2A7BED3500EAB97D /* MusicPlayerUITestsLaunchTests.swift */; };
		8D09E50E2A7BEE3900EAB97D /* test.mp3 in Resources */ = {isa = PBXBuildFile; fileRef = 8D09E50D2A7BEE3900EAB97D /* test.mp3 */; };
/* End PBXBuildFile section */

/* Begin PBXContainerItemProxy section */
		8D09E4EF2A7BED3500EAB97D /* PBXContainerItemProxy */ = {
			isa = PBXContainerItemProxy;
			containerPortal = 8D09E4D02A7BED3400EAB97D /* Project object */;
			proxyType = 1;
			remoteGlobalIDString = 8D09E4D72A7BED3400EAB97D;
			remoteInfo = MusicPlayer;
		};
		8D09E4F92A7BED3500EAB97D /* PBXContainerItemProxy */ = {
			isa = PBXContainerItemProxy;
			containerPortal = 8D09E4D02A7BED3400EAB97D /* Project object */;
			proxyType = 1;
			remoteGlobalIDString = 8D09E4D72A7BED3400EAB97D;
			remoteInfo = MusicPlayer;
		};
/* End PBXContainerItemProxy section */

/* Begin PBXFileReference section */
		8D09E4D82A7BED3400EAB97D /* MusicPlayer.app */ = {isa = PBXFileReference; explicitFileType = wrapper.application; includeInIndex = 0; path = MusicPlayer.app; sourceTree = BUILT_PRODUCTS_DIR; };
		8D09E4DB2A7BED3400EAB97D /* AppDelegate.swift */ = {isa = PBXFileReference; lastKnownFileType = sourcecode.swift; path = AppDelegate.swift; sourceTree = "<group>"; };
		8D09E4DD2A7BED3400EAB97D /* SceneDelegate.swift */ = {isa = PBXFileReference; lastKnownFileType = sourcecode.swift; path = SceneDelegate.swift; sourceTree = "<group>"; };
		8D09E4DF2A7BED3400EAB97D /* ViewController.swift */ = {isa = PBXFileReference; lastKnownFileType = sourcecode.swift; path = ViewController.swift; sourceTree = "<group>"; };
		8D09E4E22A7BED3400EAB97D /* Base */ = {isa = PBXFileReference; lastKnownFileType = file.storyboard; name = Base; path = Base.lproj/Main.storyboard; sourceTree = "<group>"; };
		8D09E4E42A7BED3500EAB97D /* Assets.xcassets */ = {isa = PBXFileReference; lastKnownFileType = folder.assetcatalog; path = Assets.xcassets; sourceTree = "<group>"; };
		8D09E4E72A7BED3500EAB97D /* Base */ = {isa = PBXFileReference; lastKnownFileType = file.storyboard; name = Base; path = Base.lproj/LaunchScreen.storyboard; sourceTree = "<group>"; };
		8D09E4E92A7BED3500EAB97D /* Info.plist */ = {isa = PBXFileReference; lastKnownFileType = text.plist.xml; path = Info.plist; sourceTree = "<group>"; };
		8D09E4EE2A7BED3500EAB97D /* MusicPlayerTests.xctest */ = {isa = PBXFileReference; explicitFileType = wrapper.cfbundle; includeInIndex = 0; path = MusicPlayerTests.xctest; sourceTree = BUILT_PRODUCTS_DIR; };
		8D09E4F22A7BED3500EAB97D /* MusicPlayerTests.swift */ = {isa = PBXFileReference; lastKnownFileType = sourcecode.swift; path = MusicPlayerTests.swift; sourceTree = "<group>"; };
		8D09E4F82A7BED3500EAB97D /* MusicPlayerUITests.xctest */ = {isa = PBXFileReference; explicitFileType = wrapper.cfbundle; includeInIndex = 0; path = MusicPlayerUITests.xctest; sourceTree = BUILT_PRODUCTS_DIR; };
		8D09E4FC2A7BED3500EAB97D /* MusicPlayerUITests.swift */ = {isa = PBXFileReference; lastKnownFileType = sourcecode.swift; path = MusicPlayerUITests.swift; sourceTree = "<group>"; };
		8D09E4FE2A7BED3500EAB97D /* MusicPlayerUITestsLaunchTests.swift */ = {isa = PBXFileReference; lastKnownFileType = sourcecode.swift; path = MusicPlayerUITestsLaunchTests.swift; sourceTree = "<group>"; };
		8D09E50D2A7BEE3900EAB97D /* test.mp3 */ = {isa = PBXFileReference; lastKnownFileType = audio.mp3; path = test.mp3; sourceTree = "<group>"; };
/* End PBXFileReference section */

/* Begin PBXFrameworksBuildPhase section */
		8D09E4D52A7BED3400EAB97D /* Frameworks */ = {
			isa = PBXFrameworksBuildPhase;
			buildActionMask = 2147483647;
			files = (
			);
			runOnlyForDeploymentPostprocessing = 0;
		};
		8D09E4EB2A7BED3500EAB97D /* Frameworks */ = {
			isa = PBXFrameworksBuildPhase;
			buildActionMask = 2147483647;
			files = (
			);
			runOnlyForDeploymentPostprocessing = 0;
		};
		8D09E4F52A7BED3500EAB97D /* Frameworks */ = {
			isa = PBXFrameworksBuildPhase;
			buildActionMask = 2147483647;
			files = (
			);
			runOnlyForDeploymentPostprocessing = 0;
		};
/* End PBXFrameworksBuildPhase section */

/* Begin PBXGroup section */
		8D09E4CF2A7BED3400EAB97D = {
			isa = PBXGroup;
			children = (
				8D09E4DA2A7BED3400EAB97D /* MusicPlayer */,
				8D09E4F12A7BED3500EAB97D /* MusicPlayerTests */,
				8D09E4FB2A7BED3500EAB97D /* MusicPlayerUITests */,
				8D09E4D92A7BED3400EAB97D /* Products */,
			);
			sourceTree = "<group>";
		};
		8D09E4D92A7BED3400EAB97D /* Products */ = {
			isa = PBXGroup;
			children = (
				8D09E4D82A7BED3400EAB97D /* MusicPlayer.app */,
				8D09E4EE2A7BED3500EAB97D /* MusicPlayerTests.xctest */,
				8D09E4F82A7BED3500EAB97D /* MusicPlayerUITests.xctest */,
			);
			name = Products;
			sourceTree = "<group>";
		};
		8D09E4DA2A7BED3400EAB97D /* MusicPlayer */ = {
			isa = PBXGroup;
			children = (
				8D09E50D2A7BEE3900EAB97D /* test.mp3 */,
				8D09E4DB2A7BED3400EAB97D /* AppDelegate.swift */,
				8D09E4DD2A7BED3400EAB97D /* SceneDelegate.swift */,
				8D09E4DF2A7BED3400EAB97D /* ViewController.swift */,
				8D09E4E12A7BED3400EAB97D /* Main.storyboard */,
				8D09E4E42A7BED3500EAB97D /* Assets.xcassets */,
				8D09E4E62A7BED3500EAB97D /* LaunchScreen.storyboard */,
				8D09E4E92A7BED3500EAB97D /* Info.plist */,
			);
			path = MusicPlayer;
			sourceTree = "<group>";
		};
		8D09E4F12A7BED3500EAB97D /* MusicPlayerTests */ = {
			isa = PBXGroup;
			children = (
				8D09E4F22A7BED3500EAB97D /* MusicPlayerTests.swift */,
			);
			path = MusicPlayerTests;
			sourceTree = "<group>";
		};
		8D09E4FB2A7BED3500EAB97D /* MusicPlayerUITests */ = {
			isa = PBXGroup;
			children = (
				8D09E4FC2A7BED3500EAB97D /* MusicPlayerUITests.swift */,
				8D09E4FE2A7BED3500EAB97D /* MusicPlayerUITestsLaunchTests.swift */,
			);
			path = MusicPlayerUITests;
			sourceTree = "<group>";
		};
/* End PBXGroup section */

/* Begin PBXNativeTarget section */
		8D09E4D72A7BED3400EAB97D /* MusicPlayer */ = {
			isa = PBXNativeTarget;
			buildConfigurationList = 8D09E5022A7BED3500EAB97D /* Build configuration list for PBXNativeTarget "MusicPlayer" */;
			buildPhases = (
				8D09E4D42A7BED3400EAB97D /* Sources */,
				8D09E4D52A7BED3400EAB97D /* Frameworks */,
				8D09E4D62A7BED3400EAB97D /* Resources */,
			);
			buildRules = (
			);
			dependencies = (
			);
			name = MusicPlayer;
			productName = MusicPlayer;
			productReference = 8D09E4D82A7BED3400EAB97D /* MusicPlayer.app */;
			productType = "com.apple.product-type.application";
		};
		8D09E4ED2A7BED3500EAB97D /* MusicPlayerTests */ = {
			isa = PBXNativeTarget;
			buildConfigurationList = 8D09E5052A7BED3500EAB97D /* Build configuration list for PBXNativeTarget "MusicPlayerTests" */;
			buildPhases = (
				8D09E4EA2A7BED3500EAB97D /* Sources */,
				8D09E4EB2A7BED3500EAB97D /* Frameworks */,
				8D09E4EC2A7BED3500EAB97D /* Resources */,
			);
			buildRules = (
			);
			dependencies = (
				8D09E4F02A7BED3500EAB97D /* PBXTargetDependency */,
			);
			name = MusicPlayerTests;
			productName = MusicPlayerTests;
			productReference = 8D09E4EE2A7BED3500EAB97D /* MusicPlayerTests.xctest */;
			productType = "com.apple.product-type.bundle.unit-test";
		};
		8D09E4F72A7BED3500EAB97D /* MusicPlayerUITests */ = {
			isa = PBXNativeTarget;
			buildConfigurationList = 8D09E5082A7BED3500EAB97D /* Build configuration list for PBXNativeTarget "MusicPlayerUITests" */;
			buildPhases = (
				8D09E4F42A7BED3500EAB97D /* Sources */,
				8D09E4F52A7BED3500EAB97D /* Frameworks */,
				8D09E4F62A7BED3500EAB97D /* Resources */,
			);
			buildRules = (
			);
			dependencies = (
				8D09E4FA2A7BED3500EAB97D /* PBXTargetDependency */,
			);
			name = MusicPlayerUITests;
			productName = MusicPlayerUITests;
			productReference = 8D09E4F82A7BED3500EAB97D /* MusicPlayerUITests.xctest */;
			productType = "com.apple.product-type.bundle.ui-testing";
		};
/* End PBXNativeTarget section */

/* Begin PBXProject section */
		8D09E4D02A7BED3400EAB97D /* Project object */ = {
			isa = PBXProject;
			attributes = {
				BuildIndependentTargetsInParallel = 1;
				LastSwiftUpdateCheck = 1430;
				LastUpgradeCheck = 1430;
				TargetAttributes = {
					8D09E4D72A7BED3400EAB97D = {
						CreatedOnToolsVersion = 14.3.1;
					};
					8D09E4ED2A7BED3500EAB97D = {
						CreatedOnToolsVersion = 14.3.1;
						TestTargetID = 8D09E4D72A7BED3400EAB97D;
					};
					8D09E4F72A7BED3500EAB97D = {
						CreatedOnToolsVersion = 14.3.1;
						TestTargetID = 8D09E4D72A7BED3400EAB97D;
					};
				};
			};
			buildConfigurationList = 8D09E4D32A7BED3400EAB97D /* Build configuration list for PBXProject "MusicPlayer" */;
			compatibilityVersion = "Xcode 14.0";
			developmentRegion = en;
			hasScannedForEncodings = 0;
			knownRegions = (
				en,
				Base,
			);
			mainGroup = 8D09E4CF2A7BED3400EAB97D;
			productRefGroup = 8D09E4D92A7BED3400EAB97D /* Products */;
			projectDirPath = "";
			projectRoot = "";
			targets = (
				8D09E4D72A7BED3400EAB97D /* MusicPlayer */,
				8D09E4ED2A7BED3500EAB97D /* MusicPlayerTests */,
				8D09E4F72A7BED3500EAB97D /* MusicPlayerUITests */,
			);
		};
/* End PBXProject section */

/* Begin PBXResourcesBuildPhase section */
		8D09E4D62A7BED3400EAB97D /* Resources */ = {
			isa = PBXResourcesBuildPhase;
			buildActionMask = 2147483647;
			files = (
				8D09E4E82A7BED3500EAB97D /* LaunchScreen.storyboard in Resources */,
				8D09E4E52A7BED3500EAB97D /* Assets.xcassets in Resources */,
				8D09E50E2A7BEE3900EAB97D /* test.mp3 in Resources */,
				8D09E4E32A7BED3400EAB97D /* Main.storyboard in Resources */,
			);
			runOnlyForDeploymentPostprocessing = 0;
		};
		8D09E4EC2A7BED3500EAB97D /* Resources */ = {
			isa = PBXResourcesBuildPhase;
			buildActionMask = 2147483647;
			files = (
			);
			runOnlyForDeploymentPostprocessing = 0;
		};
		8D09E4F62A7BED3500EAB97D /* Resources */ = {
			isa = PBXResourcesBuildPhase;
			buildActionMask = 2147483647;
			files = (
			);
			runOnlyForDeploymentPostprocessing = 0;
		};
/* End PBXResourcesBuildPhase section */

/* Begin PBXSourcesBuildPhase section */
		8D09E4D42A7BED3400EAB97D /* Sources */ = {
			isa = PBXSourcesBuildPhase;
			buildActionMask = 2147483647;
			files = (
				8D09E4E02A7BED3400EAB97D /* ViewController.swift in Sources */,
				8D09E4DC2A7BED3400EAB97D /* AppDelegate.swift in Sources */,
				8D09E4DE2A7BED3400EAB97D /* SceneDelegate.swift in Sources */,
			);
			runOnlyForDeploymentPostprocessing = 0;
		};
		8D09E4EA2A7BED3500EAB97D /* Sources */ = {
			isa = PBXSourcesBuildPhase;
			buildActionMask = 2147483647;
			files = (
				8D09E4F32A7BED3500EAB97D /* MusicPlayerTests.swift in Sources */,
			);
			runOnlyForDeploymentPostprocessing = 0;
		};
		8D09E4F42A7BED3500EAB97D /* Sources */ = {
			isa = PBXSourcesBuildPhase;
			buildActionMask = 2147483647;
			files = (
				8D09E4FD2A7BED3500EAB97D /* MusicPlayerUITests.swift in Sources */,
				8D09E4FF2A7BED3500EAB97D /* MusicPlayerUITestsLaunchTests.swift in Sources */,
			);
			runOnlyForDeploymentPostprocessing = 0;
		};
/* End PBXSourcesBuildPhase section */

/* Begin PBXTargetDependency section */
		8D09E4F02A7BED3500EAB97D /* PBXTargetDependency */ = {
			isa = PBXTargetDependency;
			target = 8D09E4D72A7BED3400EAB97D /* MusicPlayer */;
			targetProxy = 8D09E4EF2A7BED3500EAB97D /* PBXContainerItemProxy */;
		};
		8D09E4FA2A7BED3500EAB97D /* PBXTargetDependency */ = {
			isa = PBXTargetDependency;
			target = 8D09E4D72A7BED3400EAB97D /* MusicPlayer */;
			targetProxy = 8D09E4F92A7BED3500EAB97D /* PBXContainerItemProxy */;
		};
/* End PBXTargetDependency section */

/* Begin PBXVariantGroup section */
		8D09E4E12A7BED3400EAB97D /* Main.storyboard */ = {
			isa = PBXVariantGroup;
			children = (
				8D09E4E22A7BED3400EAB97D /* Base */,
			);
			name = Main.storyboard;
			sourceTree = "<group>";
		};
		8D09E4E62A7BED3500EAB97D /* LaunchScreen.storyboard */ = {
			isa = PBXVariantGroup;
			children = (
				8D09E4E72A7BED3500EAB97D /* Base */,
			);
			name = LaunchScreen.storyboard;
			sourceTree = "<group>";
		};
/* End PBXVariantGroup section */

/* Begin XCBuildConfiguration section */
		8D09E5002A7BED3500EAB97D /* Debug */ = {
			isa = XCBuildConfiguration;
			buildSettings = {
				ALWAYS_SEARCH_USER_PATHS = NO;
				CLANG_ANALYZER_NONNULL = YES;
				CLANG_ANALYZER_NUMBER_OBJECT_CONVERSION = YES_AGGRESSIVE;
				CLANG_CXX_LANGUAGE_STANDARD = "gnu++20";
				CLANG_ENABLE_MODULES = YES;
				CLANG_ENABLE_OBJC_ARC = YES;
				CLANG_ENABLE_OBJC_WEAK = YES;
				CLANG_WARN_BLOCK_CAPTURE_AUTORELEASING = YES;
				CLANG_WARN_BOOL_CONVERSION = YES;
				CLANG_WARN_COMMA = YES;
				CLANG_WARN_CONSTANT_CONVERSION = YES;
				CLANG_WARN_DEPRECATED_OBJC_IMPLEMENTATIONS = YES;
				CLANG_WARN_DIRECT_OBJC_ISA_USAGE = YES_ERROR;
				CLANG_WARN_DOCUMENTATION_COMMENTS = YES;
				CLANG_WARN_EMPTY_BODY = YES;
				CLANG_WARN_ENUM_CONVERSION = YES;
				CLANG_WARN_INFINITE_RECURSION = YES;
				CLANG_WARN_INT_CONVERSION = YES;
				CLANG_WARN_NON_LITERAL_NULL_CONVERSION = YES;
				CLANG_WARN_OBJC_IMPLICIT_RETAIN_SELF = YES;
				CLANG_WARN_OBJC_LITERAL_CONVERSION = YES;
				CLANG_WARN_OBJC_ROOT_CLASS = YES_ERROR;
				CLANG_WARN_QUOTED_INCLUDE_IN_FRAMEWORK_HEADER = YES;
				CLANG_WARN_RANGE_LOOP_ANALYSIS = YES;
				CLANG_WARN_STRICT_PROTOTYPES = YES;
				CLANG_WARN_SUSPICIOUS_MOVE = YES;
				CLANG_WARN_UNGUARDED_AVAILABILITY = YES_AGGRESSIVE;
				CLANG_WARN_UNREACHABLE_CODE = YES;
				CLANG_WARN__DUPLICATE_METHOD_MATCH = YES;
				COPY_PHASE_STRIP = NO;
				DEBUG_INFORMATION_FORMAT = dwarf;
				ENABLE_STRICT_OBJC_MSGSEND = YES;
				ENABLE_TESTABILITY = YES;
				GCC_C_LANGUAGE_STANDARD = gnu11;
				GCC_DYNAMIC_NO_PIC = NO;
				GCC_NO_COMMON_BLOCKS = YES;
				GCC_OPTIMIZATION_LEVEL = 0;
				GCC_PREPROCESSOR_DEFINITIONS = (
					"DEBUG=1",
					"$(inherited)",
				);
				GCC_WARN_64_TO_32_BIT_CONVERSION = YES;
				GCC_WARN_ABOUT_RETURN_TYPE = YES_ERROR;
				GCC_WARN_UNDECLARED_SELECTOR = YES;
				GCC_WARN_UNINITIALIZED_AUTOS = YES_AGGRESSIVE;
				GCC_WARN_UNUSED_FUNCTION = YES;
				GCC_WARN_UNUSED_VARIABLE = YES;
				IPHONEOS_DEPLOYMENT_TARGET = 16.4;
				MTL_ENABLE_DEBUG_INFO = INCLUDE_SOURCE;
				MTL_FAST_MATH = YES;
				ONLY_ACTIVE_ARCH = YES;
				SDKROOT = iphoneos;
				SWIFT_ACTIVE_COMPILATION_CONDITIONS = DEBUG;
				SWIFT_OPTIMIZATION_LEVEL = "-Onone";
			};
			name = Debug;
		};
		8D09E5012A7BED3500EAB97D /* Release */ = {
			isa = XCBuildConfiguration;
			buildSettings = {
				ALWAYS_SEARCH_USER_PATHS = NO;
				CLANG_ANALYZER_NONNULL = YES;
				CLANG_ANALYZER_NUMBER_OBJECT_CONVERSION = YES_AGGRESSIVE;
				CLANG_CXX_LANGUAGE_STANDARD = "gnu++20";
				CLANG_ENABLE_MODULES = YES;
				CLANG_ENABLE_OBJC_ARC = YES;
				CLANG_ENABLE_OBJC_WEAK = YES;
				CLANG_WARN_BLOCK_CAPTURE_AUTORELEASING = YES;
				CLANG_WARN_BOOL_CONVERSION = YES;
				CLANG_WARN_COMMA = YES;
				CLANG_WARN_CONSTANT_CONVERSION = YES;
				CLANG_WARN_DEPRECATED_OBJC_IMPLEMENTATIONS = YES;
				CLANG_WARN_DIRECT_OBJC_ISA_USAGE = YES_ERROR;
				CLANG_WARN_DOCUMENTATION_COMMENTS = YES;
				CLANG_WARN_EMPTY_BODY = YES;
				CLANG_WARN_ENUM_CONVERSION = YES;
				CLANG_WARN_INFINITE_RECURSION = YES;
				CLANG_WARN_INT_CONVERSION = YES;
				CLANG_WARN_NON_LITERAL_NULL_CONVERSION = YES;
				CLANG_WARN_OBJC_IMPLICIT_RETAIN_SELF = YES;
				CLANG_WARN_OBJC_LITERAL_CONVERSION = YES;
				CLANG_WARN_OBJC_ROOT_CLASS = YES_ERROR;
				CLANG_WARN_QUOTED_INCLUDE_IN_FRAMEWORK_HEADER = YES;
				CLANG_WARN_RANGE_LOOP_ANALYSIS = YES;
				CLANG_WARN_STRICT_PROTOTYPES = YES;
				CLANG_WARN_SUSPICIOUS_MOVE = YES;
				CLANG_WARN_UNGUARDED_AVAILABILITY = YES_AGGRESSIVE;
				CLANG_WARN_UNREACHABLE_CODE = YES;
				CLANG_WARN__DUPLICATE_METHOD_MATCH = YES;
				COPY_PHASE_STRIP = NO;
				DEBUG_INFORMATION_FORMAT = "dwarf-with-dsym";
				ENABLE_NS_ASSERTIONS = NO;
				ENABLE_STRICT_OBJC_MSGSEND = YES;
				GCC_C_LANGUAGE_STANDARD = gnu11;
				GCC_NO_COMMON_BLOCKS = YES;
				GCC_WARN_64_TO_32_BIT_CONVERSION = YES;
				GCC_WARN_ABOUT_RETURN_TYPE = YES_ERROR;
				GCC_WARN_UNDECLARED_SELECTOR = YES;
				GCC_WARN_UNINITIALIZED_AUTOS = YES_AGGRESSIVE;
				GCC_WARN_UNUSED_FUNCTION = YES;
				GCC_WARN_UNUSED_VARIABLE = YES;
				IPHONEOS_DEPLOYMENT_TARGET = 16.4;
				MTL_ENABLE_DEBUG_INFO = NO;
				MTL_FAST_MATH = YES;
				SDKROOT = iphoneos;
				SWIFT_COMPILATION_MODE = wholemodule;
				SWIFT_OPTIMIZATION_LEVEL = "-O";
				VALIDATE_PRODUCT = YES;
			};
			name = Release;
		};
		8D09E5032A7BED3500EAB97D /* Debug */ = {
			isa = XCBuildConfiguration;
			buildSettings = {
				ASSETCATALOG_COMPILER_APPICON_NAME = AppIcon;
				ASSETCATALOG_COMPILER_GLOBAL_ACCENT_COLOR_NAME = AccentColor;
				CODE_SIGN_STYLE = Automatic;
				CURRENT_PROJECT_VERSION = 1;
				GENERATE_INFOPLIST_FILE = YES;
				INFOPLIST_FILE = MusicPlayer/Info.plist;
				INFOPLIST_KEY_UIApplicationSupportsIndirectInputEvents = YES;
				INFOPLIST_KEY_UILaunchStoryboardName = LaunchScreen;
				INFOPLIST_KEY_UIMainStoryboardFile = Main;
				INFOPLIST_KEY_UISupportedInterfaceOrientations_iPad = "UIInterfaceOrientationPortrait UIInterfaceOrientationPortraitUpsideDown UIInterfaceOrientationLandscapeLeft UIInterfaceOrientationLandscapeRight";
				INFOPLIST_KEY_UISupportedInterfaceOrientations_iPhone = "UIInterfaceOrientationPortrait UIInterfaceOrientationLandscapeLeft UIInterfaceOrientationLandscapeRight";
				LD_RUNPATH_SEARCH_PATHS = (
					"$(inherited)",
					"@executable_path/Frameworks",
				);
				MARKETING_VERSION = 1.0;
				PRODUCT_BUNDLE_IDENTIFIER = com.Sauron.MusicPlayer;
				PRODUCT_NAME = "$(TARGET_NAME)";
				SWIFT_EMIT_LOC_STRINGS = YES;
				SWIFT_VERSION = 5.0;
				TARGETED_DEVICE_FAMILY = "1,2";
			};
			name = Debug;
		};
		8D09E5042A7BED3500EAB97D /* Release */ = {
			isa = XCBuildConfiguration;
			buildSettings = {
				ASSETCATALOG_COMPILER_APPICON_NAME = AppIcon;
				ASSETCATALOG_COMPILER_GLOBAL_ACCENT_COLOR_NAME = AccentColor;
				CODE_SIGN_STYLE = Automatic;
				CURRENT_PROJECT_VERSION = 1;
				GENERATE_INFOPLIST_FILE = YES;
				INFOPLIST_FILE = MusicPlayer/Info.plist;
				INFOPLIST_KEY_UIApplicationSupportsIndirectInputEvents = YES;
				INFOPLIST_KEY_UILaunchStoryboardName = LaunchScreen;
				INFOPLIST_KEY_UIMainStoryboardFile = Main;
				INFOPLIST_KEY_UISupportedInterfaceOrientations_iPad = "UIInterfaceOrientationPortrait UIInterfaceOrientationPortraitUpsideDown UIInterfaceOrientationLandscapeLeft UIInterfaceOrientationLandscapeRight";
				INFOPLIST_KEY_UISupportedInterfaceOrientations_iPhone = "UIInterfaceOrientationPortrait UIInterfaceOrientationLandscapeLeft UIInterfaceOrientationLandscapeRight";
				LD_RUNPATH_SEARCH_PATHS = (
					"$(inherited)",
					"@executable_path/Frameworks",
				);
				MARKETING_VERSION = 1.0;
				PRODUCT_BUNDLE_IDENTIFIER = com.Sauron.MusicPlayer;
				PRODUCT_NAME = "$(TARGET_NAME)";
				SWIFT_EMIT_LOC_STRINGS = YES;
				SWIFT_VERSION = 5.0;
				TARGETED_DEVICE_FAMILY = "1,2";
			};
			name = Release;
		};
		8D09E5062A7BED3500EAB97D /* Debug */ = {
			isa = XCBuildConfiguration;
			buildSettings = {
				ALWAYS_EMBED_SWIFT_STANDARD_LIBRARIES = YES;
				BUNDLE_LOADER = "$(TEST_HOST)";
				CODE_SIGN_STYLE = Automatic;
				CURRENT_PROJECT_VERSION = 1;
				GENERATE_INFOPLIST_FILE = YES;
				IPHONEOS_DEPLOYMENT_TARGET = 16.4;
				MARKETING_VERSION = 1.0;
				PRODUCT_BUNDLE_IDENTIFIER = com.Sauron.MusicPlayerTests;
				PRODUCT_NAME = "$(TARGET_NAME)";
				SWIFT_EMIT_LOC_STRINGS = NO;
				SWIFT_VERSION = 5.0;
				TARGETED_DEVICE_FAMILY = "1,2";
				TEST_HOST = "$(BUILT_PRODUCTS_DIR)/MusicPlayer.app/$(BUNDLE_EXECUTABLE_FOLDER_PATH)/MusicPlayer";
			};
			name = Debug;
		};
		8D09E5072A7BED3500EAB97D /* Release */ = {
			isa = XCBuildConfiguration;
			buildSettings = {
				ALWAYS_EMBED_SWIFT_STANDARD_LIBRARIES = YES;
				BUNDLE_LOADER = "$(TEST_HOST)";
				CODE_SIGN_STYLE = Automatic;
				CURRENT_PROJECT_VERSION = 1;
				GENERATE_INFOPLIST_FILE = YES;
				IPHONEOS_DEPLOYMENT_TARGET = 16.4;
				MARKETING_VERSION = 1.0;
				PRODUCT_BUNDLE_IDENTIFIER = com.Sauron.MusicPlayerTests;
				PRODUCT_NAME = "$(TARGET_NAME)";
				SWIFT_EMIT_LOC_STRINGS = NO;
				SWIFT_VERSION = 5.0;
				TARGETED_DEVICE_FAMILY = "1,2";
				TEST_HOST = "$(BUILT_PRODUCTS_DIR)/MusicPlayer.app/$(BUNDLE_EXECUTABLE_FOLDER_PATH)/MusicPlayer";
			};
			name = Release;
		};
		8D09E5092A7BED3500EAB97D /* Debug */ = {
			isa = XCBuildConfiguration;
			buildSettings = {
				ALWAYS_EMBED_SWIFT_STANDARD_LIBRARIES = YES;
				CODE_SIGN_STYLE = Automatic;
				CURRENT_PROJECT_VERSION = 1;
				GENERATE_INFOPLIST_FILE = YES;
				MARKETING_VERSION = 1.0;
				PRODUCT_BUNDLE_IDENTIFIER = com.Sauron.MusicPlayerUITests;
				PRODUCT_NAME = "$(TARGET_NAME)";
				SWIFT_EMIT_LOC_STRINGS = NO;
				SWIFT_VERSION = 5.0;
				TARGETED_DEVICE_FAMILY = "1,2";
				TEST_TARGET_NAME = MusicPlayer;
			};
			name = Debug;
		};
		8D09E50A2A7BED3500EAB97D /* Release */ = {
			isa = XCBuildConfiguration;
			buildSettings = {
				ALWAYS_EMBED_SWIFT_STANDARD_LIBRARIES = YES;
				CODE_SIGN_STYLE = Automatic;
				CURRENT_PROJECT_VERSION = 1;
				GENERATE_INFOPLIST_FILE = YES;
				MARKETING_VERSION = 1.0;
				PRODUCT_BUNDLE_IDENTIFIER = com.Sauron.MusicPlayerUITests;
				PRODUCT_NAME = "$(TARGET_NAME)";
				SWIFT_EMIT_LOC_STRINGS = NO;
				SWIFT_VERSION = 5.0;
				TARGETED_DEVICE_FAMILY = "1,2";
				TEST_TARGET_NAME = MusicPlayer;
			};
			name = Release;
		};
/* End XCBuildConfiguration section */

/* Begin XCConfigurationList section */
		8D09E4D32A7BED3400EAB97D /* Build configuration list for PBXProject "MusicPlayer" */ = {
			isa = XCConfigurationList;
			buildConfigurations = (
				8D09E5002A7BED3500EAB97D /* Debug */,
				8D09E5012A7BED3500EAB97D /* Release */,
			);
			defaultConfigurationIsVisible = 0;
			defaultConfigurationName = Release;
		};
		8D09E5022A7BED3500EAB97D /* Build configuration list for PBXNativeTarget "MusicPlayer" */ = {
			isa = XCConfigurationList;
			buildConfigurations = (
				8D09E5032A7BED3500EAB97D /* Debug */,
				8D09E5042A7BED3500EAB97D /* Release */,
			);
			defaultConfigurationIsVisible = 0;
			defaultConfigurationName = Release;
		};
		8D09E5052A7BED3500EAB97D /* Build configuration list for PBXNativeTarget "MusicPlayerTests" */ = {
			isa = XCConfigurationList;
			buildConfigurations = (
				8D09E5062A7BED3500EAB97D /* Debug */,
				8D09E5072A7BED3500EAB97D /* Release */,
			);
			defaultConfigurationIsVisible = 0;
			defaultConfigurationName = Release;
		};
		8D09E5082A7BED3500EAB97D /* Build configuration list for PBXNativeTarget "MusicPlayerUITests" */ = {
			isa = XCConfigurationList;
			buildConfigurations = (
				8D09E5092A7BED3500EAB97D /* Debug */,
				8D09E50A2A7BED3500EAB97D /* Release */,
			);
			defaultConfigurationIsVisible = 0;
			defaultConfigurationName = Release;
		};
/* End XCConfigurationList section */
	};
	rootObject = 8D09E4D02A7BED3400EAB97D /* Project object */;
}
